
Microsoft Visual Studio Solution File, Format Version 12.00
# Visual Studio Version 17
VisualStudioVersion = 17.14.36511.14 d17.14
MinimumVisualStudioVersion = 10.0.40219.1
Project("{FAE04EC0-301F-11D3-BF4B-00C04F79EFBC}") = "DoarSangue.Api", "DoarSangue.Api.csproj", "{672EC60C-D8FC-45E2-9F23-27DC3F8A335C}"
EndProject
Project("{54A90642-561A-4BB1-A94E-469ADEE60C69}") = "DoarSangue.Client", "..\..\Web-Client\DoarSangue.Client\DoarSangue.Client.esproj", "{CAC90104-AEBC-E116-102B-C949D99218B3}"
EndProject
Global
	GlobalSection(SolutionConfigurationPlatforms) = preSolution
		Debug|Any CPU = Debug|Any CPU
		Release|Any CPU = Release|Any CPU
	EndGlobalSection
	GlobalSection(ProjectConfigurationPlatforms) = postSolution
		{672EC60C-D8FC-45E2-9F23-27DC3F8A335C}.Debug|Any CPU.ActiveCfg = Debug|Any CPU
		{672EC60C-D8FC-45E2-9F23-27DC3F8A335C}.Debug|Any CPU.Build.0 = Debug|Any CPU
		{672EC60C-D8FC-45E2-9F23-27DC3F8A335C}.Release|Any CPU.ActiveCfg = Release|Any CPU
		{672EC60C-D8FC-45E2-9F23-27DC3F8A335C}.Release|Any CPU.Build.0 = Release|Any CPU
		{CAC90104-AEBC-E116-102B-C949D99218B3}.Debug|Any CPU.ActiveCfg = Debug|Any CPU
		{CAC90104-AEBC-E116-102B-C949D99218B3}.Debug|Any CPU.Build.0 = Debug|Any CPU
		{CAC90104-AEBC-E116-102B-C949D99218B3}.Debug|Any CPU.Deploy.0 = Debug|Any CPU
		{CAC90104-AEBC-E116-102B-C949D99218B3}.Release|Any CPU.ActiveCfg = Release|Any CPU
		{CAC90104-AEBC-E116-102B-C949D99218B3}.Release|Any CPU.Build.0 = Release|Any CPU
		{CAC90104-AEBC-E116-102B-C949D99218B3}.Release|Any CPU.Deploy.0 = Release|Any CPU
	EndGlobalSection
	GlobalSection(SolutionProperties) = preSolution
		HideSolutionNode = FALSE
	EndGlobalSection
	GlobalSection(ExtensibilityGlobals) = postSolution
		SolutionGuid = {6BB68BE3-1396-4B83-B093-C3DC8EC03FD5}
	EndGlobalSection
EndGlobal
